
Microsoft Visual Studio Solution File, Format Version 12.00
# Visual Studio Version 17
VisualStudioVersion = 17.4.33103.184
MinimumVisualStudioVersion = 10.0.40219.1
Project("{FAE04EC0-301F-11D3-BF4B-00C04F79EFBC}") = "Iconidev", "Iconidev\Iconidev.csproj", "{2BE192F9-4856-4BA3-A321-7963D43A30DD}"
EndProject
Global
	GlobalSection(SolutionConfigurationPlatforms) = preSolution
		Debug|Any CPU = Debug|Any CPU
		Release|Any CPU = Release|Any CPU
	EndGlobalSection
	GlobalSection(ProjectConfigurationPlatforms) = postSolution
		{2BE192F9-4856-4BA3-A321-7963D43A30DD}.Debug|Any CPU.ActiveCfg = Debug|Any CPU
		{2BE192F9-4856-4BA3-A321-7963D43A30DD}.Debug|Any CPU.Build.0 = Debug|Any CPU
		{2BE192F9-4856-4BA3-A321-7963D43A30DD}.Release|Any CPU.ActiveCfg = Release|Any CPU
		{2BE192F9-4856-4BA3-A321-7963D43A30DD}.Release|Any CPU.Build.0 = Release|Any CPU
	EndGlobalSection
	GlobalSection(SolutionProperties) = preSolution
		HideSolutionNode = FALSE
	EndGlobalSection
	GlobalSection(ExtensibilityGlobals) = postSolution
		SolutionGuid = {3F591DB0-D39B-4550-8C38-FA7FF1DFB46A}
	EndGlobalSection
EndGlobal
